
Microsoft Visual Studio Solution File, Format Version 12.00
# Visual Studio Version 16
VisualStudioVersion = 16.0.29926.136
MinimumVisualStudioVersion = 10.0.40219.1
Project("{FAE04EC0-301F-11D3-BF4B-00C04F79EFBC}") = "MiniTC", "MiniTC\MiniTC.csproj", "{E5A4C225-90AC-466E-B899-A127952547AB}"
EndProject
Global
	GlobalSection(SolutionConfigurationPlatforms) = preSolution
		Debug|Any CPU = Debug|Any CPU
		Release|Any CPU = Release|Any CPU
	EndGlobalSection
	GlobalSection(ProjectConfigurationPlatforms) = postSolution
		{E5A4C225-90AC-466E-B899-A127952547AB}.Debug|Any CPU.ActiveCfg = Debug|Any CPU
		{E5A4C225-90AC-466E-B899-A127952547AB}.Debug|Any CPU.Build.0 = Debug|Any CPU
		{E5A4C225-90AC-466E-B899-A127952547AB}.Release|Any CPU.ActiveCfg = Release|Any CPU
		{E5A4C225-90AC-466E-B899-A127952547AB}.Release|Any CPU.Build.0 = Release|Any CPU
	EndGlobalSection
	GlobalSection(SolutionProperties) = preSolution
		HideSolutionNode = FALSE
	EndGlobalSection
	GlobalSection(ExtensibilityGlobals) = postSolution
		SolutionGuid = {EF9267D0-4BAF-4B3D-8395-AD9CE2403811}
	EndGlobalSection
EndGlobal
